
Microsoft Visual Studio Solution File, Format Version 12.00
# Visual Studio 14
VisualStudioVersion = 14.0.24720.0
MinimumVisualStudioVersion = 10.0.40219.1
Project("{FAE04EC0-301F-11D3-BF4B-00C04F79EFBC}") = "MvcTemplate.Web", "MvcTemplate\MvcTemplate.Web.csproj", "{ADF0390C-E6E3-4931-8068-E12149737A4A}"
EndProject
Project("{2150E333-8FDC-42A3-9474-1A3956D46DE8}") = "Data", "Data", "{765E5365-FCC7-4868-91A1-B0D5E6F869A8}"
EndProject
Project("{2150E333-8FDC-42A3-9474-1A3956D46DE8}") = "Tests", "Tests", "{1AC3B9B0-BC9D-4B03-8B48-FE1E73B64F3A}"
EndProject
Project("{2150E333-8FDC-42A3-9474-1A3956D46DE8}") = "Services", "Services", "{18059E4C-0750-4A37-ACFD-D2308843DFF1}"
EndProject
Project("{2150E333-8FDC-42A3-9474-1A3956D46DE8}") = "Web", "Web", "{FACB7A26-3179-4A39-91A2-330713522E88}"
EndProject
Global
	GlobalSection(SolutionConfigurationPlatforms) = preSolution
		Debug|Any CPU = Debug|Any CPU
		Release|Any CPU = Release|Any CPU
	EndGlobalSection
	GlobalSection(ProjectConfigurationPlatforms) = postSolution
		{ADF0390C-E6E3-4931-8068-E12149737A4A}.Debug|Any CPU.ActiveCfg = Debug|Any CPU
		{ADF0390C-E6E3-4931-8068-E12149737A4A}.Debug|Any CPU.Build.0 = Debug|Any CPU
		{ADF0390C-E6E3-4931-8068-E12149737A4A}.Release|Any CPU.ActiveCfg = Release|Any CPU
		{ADF0390C-E6E3-4931-8068-E12149737A4A}.Release|Any CPU.Build.0 = Release|Any CPU
	EndGlobalSection
	GlobalSection(SolutionProperties) = preSolution
		HideSolutionNode = FALSE
	EndGlobalSection
	GlobalSection(NestedProjects) = preSolution
		{ADF0390C-E6E3-4931-8068-E12149737A4A} = {FACB7A26-3179-4A39-91A2-330713522E88}
	EndGlobalSection
EndGlobal
