
Microsoft Visual Studio Solution File, Format Version 12.00
# Visual Studio 14
VisualStudioVersion = 14.0.24720.0
MinimumVisualStudioVersion = 10.0.40219.1
Project("{2150E333-8FDC-42A3-9474-1A3956D46DE8}") = "Data", "Data", "{765E5365-FCC7-4868-91A1-B0D5E6F869A8}"
EndProject
Project("{2150E333-8FDC-42A3-9474-1A3956D46DE8}") = "Tests", "Tests", "{1AC3B9B0-BC9D-4B03-8B48-FE1E73B64F3A}"
EndProject
Project("{2150E333-8FDC-42A3-9474-1A3956D46DE8}") = "Services", "Services", "{18059E4C-0750-4A37-ACFD-D2308843DFF1}"
EndProject
Project("{2150E333-8FDC-42A3-9474-1A3956D46DE8}") = "Web", "Web", "{FACB7A26-3179-4A39-91A2-330713522E88}"
EndProject
Project("{FAE04EC0-301F-11D3-BF4B-00C04F79EFBC}") = "MvcTemplate.Data.Models", "Data\MvcTemplate.Data.Models\MvcTemplate.Data.Models.csproj", "{00349633-F05C-4DCC-BE0C-C4B74A8DA974}"
EndProject
Project("{FAE04EC0-301F-11D3-BF4B-00C04F79EFBC}") = "MvcTemplate.Data.Common", "Data\MvcTemplate.Data.Common\MvcTemplate.Data.Common.csproj", "{D4994259-5BC7-4351-ADA7-507266F309AF}"
EndProject
Project("{FAE04EC0-301F-11D3-BF4B-00C04F79EFBC}") = "MvcTemplate.Data", "Data\MvcTemplate.Data\MvcTemplate.Data.csproj", "{272F25E6-2275-4E4B-B978-758EFCD5FAE2}"
EndProject
Project("{FAE04EC0-301F-11D3-BF4B-00C04F79EFBC}") = "MvcTemplate.Web", "Web\MvcTemplate.Web\MvcTemplate.Web.csproj", "{F82041B3-E9B4-47AA-A291-FD3D73FDBC73}"
EndProject
Project("{FAE04EC0-301F-11D3-BF4B-00C04F79EFBC}") = "MvcTemplate.Web.Infrastructure", "Web\MvcTemplate.Web.Infrastructure\MvcTemplate.Web.Infrastructure.csproj", "{4FB56885-458F-43E8-A12A-45BDDFB5738F}"
EndProject
Project("{FAE04EC0-301F-11D3-BF4B-00C04F79EFBC}") = "MvcTemplate.Services.Data", "Services\MvcTemplate.Services.Data\MvcTemplate.Services.Data.csproj", "{A6E14196-783B-46E7-8479-75E0E6B160E6}"
EndProject
Project("{2150E333-8FDC-42A3-9474-1A3956D46DE8}") = "Tools", "Tools", "{AB9E7050-8512-4BAC-ADAB-0462E983C1C0}"
EndProject
Project("{FAE04EC0-301F-11D3-BF4B-00C04F79EFBC}") = "Crawler", "Tools\Crawler\Crawler.csproj", "{7C705028-1DEE-4848-BDBC-8F719FBFF8E5}"
EndProject
Project("{FAE04EC0-301F-11D3-BF4B-00C04F79EFBC}") = "MvcTemplate.Services.Web", "Services\MvcTemplate.Services.Web\MvcTemplate.Services.Web.csproj", "{C46A4CC7-6A6C-434F-BC65-54C66ED8CE09}"
EndProject
Project("{FAE04EC0-301F-11D3-BF4B-00C04F79EFBC}") = "MvcTemplate.Services.Web.Tests", "Tests\MvcTemplate.Services.Web.Tests\MvcTemplate.Services.Web.Tests.csproj", "{06AEA800-8897-437C-853C-688BE7A63AEF}"
EndProject
Project("{FAE04EC0-301F-11D3-BF4B-00C04F79EFBC}") = "MvcTemplate.Web.Routes.Tests", "Tests\MvcTemplate.Web.Routes.Tests\MvcTemplate.Web.Routes.Tests.csproj", "{C96B302E-4EDF-4B53-AAA5-B07AEB43DC95}"
EndProject
Global
	GlobalSection(SolutionConfigurationPlatforms) = preSolution
		Debug|Any CPU = Debug|Any CPU
		Release|Any CPU = Release|Any CPU
	EndGlobalSection
	GlobalSection(ProjectConfigurationPlatforms) = postSolution
		{00349633-F05C-4DCC-BE0C-C4B74A8DA974}.Debug|Any CPU.ActiveCfg = Debug|Any CPU
		{00349633-F05C-4DCC-BE0C-C4B74A8DA974}.Debug|Any CPU.Build.0 = Debug|Any CPU
		{00349633-F05C-4DCC-BE0C-C4B74A8DA974}.Release|Any CPU.ActiveCfg = Release|Any CPU
		{00349633-F05C-4DCC-BE0C-C4B74A8DA974}.Release|Any CPU.Build.0 = Release|Any CPU
		{D4994259-5BC7-4351-ADA7-507266F309AF}.Debug|Any CPU.ActiveCfg = Debug|Any CPU
		{D4994259-5BC7-4351-ADA7-507266F309AF}.Debug|Any CPU.Build.0 = Debug|Any CPU
		{D4994259-5BC7-4351-ADA7-507266F309AF}.Release|Any CPU.ActiveCfg = Release|Any CPU
		{D4994259-5BC7-4351-ADA7-507266F309AF}.Release|Any CPU.Build.0 = Release|Any CPU
		{272F25E6-2275-4E4B-B978-758EFCD5FAE2}.Debug|Any CPU.ActiveCfg = Debug|Any CPU
		{272F25E6-2275-4E4B-B978-758EFCD5FAE2}.Debug|Any CPU.Build.0 = Debug|Any CPU
		{272F25E6-2275-4E4B-B978-758EFCD5FAE2}.Release|Any CPU.ActiveCfg = Release|Any CPU
		{272F25E6-2275-4E4B-B978-758EFCD5FAE2}.Release|Any CPU.Build.0 = Release|Any CPU
		{F82041B3-E9B4-47AA-A291-FD3D73FDBC73}.Debug|Any CPU.ActiveCfg = Debug|Any CPU
		{F82041B3-E9B4-47AA-A291-FD3D73FDBC73}.Debug|Any CPU.Build.0 = Debug|Any CPU
		{F82041B3-E9B4-47AA-A291-FD3D73FDBC73}.Release|Any CPU.ActiveCfg = Release|Any CPU
		{F82041B3-E9B4-47AA-A291-FD3D73FDBC73}.Release|Any CPU.Build.0 = Release|Any CPU
		{4FB56885-458F-43E8-A12A-45BDDFB5738F}.Debug|Any CPU.ActiveCfg = Debug|Any CPU
		{4FB56885-458F-43E8-A12A-45BDDFB5738F}.Debug|Any CPU.Build.0 = Debug|Any CPU
		{4FB56885-458F-43E8-A12A-45BDDFB5738F}.Release|Any CPU.ActiveCfg = Release|Any CPU
		{4FB56885-458F-43E8-A12A-45BDDFB5738F}.Release|Any CPU.Build.0 = Release|Any CPU
		{A6E14196-783B-46E7-8479-75E0E6B160E6}.Debug|Any CPU.ActiveCfg = Debug|Any CPU
		{A6E14196-783B-46E7-8479-75E0E6B160E6}.Debug|Any CPU.Build.0 = Debug|Any CPU
		{A6E14196-783B-46E7-8479-75E0E6B160E6}.Release|Any CPU.ActiveCfg = Release|Any CPU
		{A6E14196-783B-46E7-8479-75E0E6B160E6}.Release|Any CPU.Build.0 = Release|Any CPU
		{7C705028-1DEE-4848-BDBC-8F719FBFF8E5}.Debug|Any CPU.ActiveCfg = Debug|Any CPU
		{7C705028-1DEE-4848-BDBC-8F719FBFF8E5}.Debug|Any CPU.Build.0 = Debug|Any CPU
		{7C705028-1DEE-4848-BDBC-8F719FBFF8E5}.Release|Any CPU.ActiveCfg = Release|Any CPU
		{7C705028-1DEE-4848-BDBC-8F719FBFF8E5}.Release|Any CPU.Build.0 = Release|Any CPU
		{C46A4CC7-6A6C-434F-BC65-54C66ED8CE09}.Debug|Any CPU.ActiveCfg = Debug|Any CPU
		{C46A4CC7-6A6C-434F-BC65-54C66ED8CE09}.Debug|Any CPU.Build.0 = Debug|Any CPU
		{C46A4CC7-6A6C-434F-BC65-54C66ED8CE09}.Release|Any CPU.ActiveCfg = Release|Any CPU
		{C46A4CC7-6A6C-434F-BC65-54C66ED8CE09}.Release|Any CPU.Build.0 = Release|Any CPU
		{06AEA800-8897-437C-853C-688BE7A63AEF}.Debug|Any CPU.ActiveCfg = Debug|Any CPU
		{06AEA800-8897-437C-853C-688BE7A63AEF}.Debug|Any CPU.Build.0 = Debug|Any CPU
		{06AEA800-8897-437C-853C-688BE7A63AEF}.Release|Any CPU.ActiveCfg = Release|Any CPU
		{06AEA800-8897-437C-853C-688BE7A63AEF}.Release|Any CPU.Build.0 = Release|Any CPU
		{C96B302E-4EDF-4B53-AAA5-B07AEB43DC95}.Debug|Any CPU.ActiveCfg = Debug|Any CPU
		{C96B302E-4EDF-4B53-AAA5-B07AEB43DC95}.Debug|Any CPU.Build.0 = Debug|Any CPU
		{C96B302E-4EDF-4B53-AAA5-B07AEB43DC95}.Release|Any CPU.ActiveCfg = Release|Any CPU
		{C96B302E-4EDF-4B53-AAA5-B07AEB43DC95}.Release|Any CPU.Build.0 = Release|Any CPU
	EndGlobalSection
	GlobalSection(SolutionProperties) = preSolution
		HideSolutionNode = FALSE
	EndGlobalSection
	GlobalSection(NestedProjects) = preSolution
		{00349633-F05C-4DCC-BE0C-C4B74A8DA974} = {765E5365-FCC7-4868-91A1-B0D5E6F869A8}
		{D4994259-5BC7-4351-ADA7-507266F309AF} = {765E5365-FCC7-4868-91A1-B0D5E6F869A8}
		{272F25E6-2275-4E4B-B978-758EFCD5FAE2} = {765E5365-FCC7-4868-91A1-B0D5E6F869A8}
		{F82041B3-E9B4-47AA-A291-FD3D73FDBC73} = {FACB7A26-3179-4A39-91A2-330713522E88}
		{4FB56885-458F-43E8-A12A-45BDDFB5738F} = {FACB7A26-3179-4A39-91A2-330713522E88}
		{A6E14196-783B-46E7-8479-75E0E6B160E6} = {18059E4C-0750-4A37-ACFD-D2308843DFF1}
		{7C705028-1DEE-4848-BDBC-8F719FBFF8E5} = {AB9E7050-8512-4BAC-ADAB-0462E983C1C0}
		{C46A4CC7-6A6C-434F-BC65-54C66ED8CE09} = {18059E4C-0750-4A37-ACFD-D2308843DFF1}
		{06AEA800-8897-437C-853C-688BE7A63AEF} = {1AC3B9B0-BC9D-4B03-8B48-FE1E73B64F3A}
		{C96B302E-4EDF-4B53-AAA5-B07AEB43DC95} = {1AC3B9B0-BC9D-4B03-8B48-FE1E73B64F3A}
	EndGlobalSection
EndGlobal
